# ggen.lock — generated by `ggen sync`. Do not edit.

[packs.standing-pack]
source = "path:../cargo-cicd/plugins/cargo-cicd-kit/standing-pack"
content_hash = "blake3:cce8d989950a3ce83cbde22a1448d51fcd881c9943f48f49b93c981c72be37cd"

[packs.wasm4pm-facts-pack]
source = "path:packs/wasm4pm-facts-pack"
content_hash = "blake3:4889248a97787365c3414ad727234ccce9aaff5bf62f485da5757e3e9e044b2b"
