# ggen.lock — generated by `ggen sync`. Do not edit.

[packs.standing-pack]
source = "path:../cargo-cicd/plugins/cargo-cicd-kit/standing-pack"
content_hash = "blake3:41bb5768951fbe9583d43df2360ae57dcaa0382bc564a6d6b7eca2bd92e8c59a"

[packs.wasm4pm-facts-pack]
source = "path:packs/wasm4pm-facts-pack"
content_hash = "blake3:4889248a97787365c3414ad727234ccce9aaff5bf62f485da5757e3e9e044b2b"
