# ggen.lock — generated by `ggen sync`. Do not edit.

[packs.arazzo-pack]
source = "path:packs/arazzo-pack"
content_hash = "blake3:1ea0ebb18a2626536b1028e6dc737363f51e1913925ba596784f321a038d0ec8"

[packs.chatman-engine-pack]
source = "path:packs/chatman-engine-pack"
content_hash = "blake3:05e32f71cfcabe0b46daeb503d0b907fb2b186d7f8e32d7b9d8f50a26f6d5946"

[packs.f26-ontology-self-play-pack]
source = "path:packs/f26-ontology-self-play-pack"
content_hash = "blake3:e6058c5bd284b82480b70b0fa05410b9cbc42ccee5dc6acded858e1317b7f0c3"

[packs.jira-tracking-pack]
source = "path:packs/jira-tracking-pack"
content_hash = "blake3:697366640358a34f91cc40699bfdbb2b64580e2c05e4533c759e57d8ef3b1fa4"

[packs.ocel-bench-pack]
source = "path:packs/ocel-bench-pack"
content_hash = "blake3:39de30fda4d969ed01d71488a5780ff5b9e471b1f292f0bec5d0ca869e7a076a"

[packs.otel-weaver-pack]
source = "path:packs/otel-weaver-pack"
content_hash = "blake3:f06706d7dc6af9d9267c37ea75224043b005f560766d5404a54b311b0bd0c77f"

[packs.pddl-planning-pack]
source = "path:packs/pddl-planning-pack"
content_hash = "blake3:20001f13bde636c6f0964d88bb9bb32fd3c720b2e737b10362773ff3dc343914"

[packs.semantic-contraction-pack]
source = "path:packs/semantic-contraction-pack"
content_hash = "blake3:0d204e8707adf8585fd5ffde6273c12ee8e688a420847ce5f2ed297fec0f5b7b"

[packs.shape-admission-pack]
source = "path:packs/shape-admission-pack"
content_hash = "blake3:308b8bc23eaf302ba7d7c4ed53cab8a5641a99cbeeabc50dd2078925c56e3870"

[packs.togaf-adm-pack]
source = "path:packs/togaf-adm-pack"
content_hash = "blake3:3f39f44da86c6fd723f4a4e9715ca59f90a16d69cd9ae04a88ab46a9fce9f9d7"

[packs.wasm4pm-facts-pack]
source = "path:packs/wasm4pm-facts-pack"
content_hash = "blake3:4889248a97787365c3414ad727234ccce9aaff5bf62f485da5757e3e9e044b2b"
